
Microsoft Visual Studio Solution File, Format Version 12.00
# Visual Studio Version 17
VisualStudioVersion = 17.9.34723.18
MinimumVisualStudioVersion = 10.0.40219.1
Project("{FAE04EC0-301F-11D3-BF4B-00C04F79EFBC}") = "UnitTesting", "UnitTesting.csproj", "{EC646EC4-9CF0-4CC9-B045-FB84BC6B8ABB}"
EndProject
Global
	GlobalSection(SolutionConfigurationPlatforms) = preSolution
		Debug|Any CPU = Debug|Any CPU
		Release|Any CPU = Release|Any CPU
	EndGlobalSection
	GlobalSection(ProjectConfigurationPlatforms) = postSolution
		{EC646EC4-9CF0-4CC9-B045-FB84BC6B8ABB}.Debug|Any CPU.ActiveCfg = Debug|Any CPU
		{EC646EC4-9CF0-4CC9-B045-FB84BC6B8ABB}.Debug|Any CPU.Build.0 = Debug|Any CPU
		{EC646EC4-9CF0-4CC9-B045-FB84BC6B8ABB}.Release|Any CPU.ActiveCfg = Release|Any CPU
		{EC646EC4-9CF0-4CC9-B045-FB84BC6B8ABB}.Release|Any CPU.Build.0 = Release|Any CPU
	EndGlobalSection
	GlobalSection(SolutionProperties) = preSolution
		HideSolutionNode = FALSE
	EndGlobalSection
	GlobalSection(ExtensibilityGlobals) = postSolution
		SolutionGuid = {C8B7D94F-0314-4261-BBBB-2D2B21C9E117}
	EndGlobalSection
EndGlobal
